// !$*UTF8*$!
{
	archiveVersion = 1;
	classes = {
	};
	objectVersion = 55;
	objects = {

/* Begin PBXBuildFile section */
		BF6A244627BB03A8002A4FC8 /* AppDelegate.swift in Sources */ = {isa = PBXBuildFile; fileRef = BF6A244527BB03A8002A4FC8 /* AppDelegate.swift */; };
		BF6A244827BB03A8002A4FC8 /* SceneDelegate.swift in Sources */ = {isa = PBXBuildFile; fileRef = BF6A244727BB03A8002A4FC8 /* SceneDelegate.swift */; };
		BF6A244A27BB03A8002A4FC8 /* ContactsViewController.swift in Sources */ = {isa = PBXBuildFile; fileRef = BF6A244927BB03A8002A4FC8 /* ContactsViewController.swift */; };
		BF6A244F27BB03AA002A4FC8 /* Assets.xcassets in Resources */ = {isa = PBXBuildFile; fileRef = BF6A244E27BB03AA002A4FC8 /* Assets.xcassets */; };
		BF6A245227BB03AA002A4FC8 /* LaunchScreen.storyboard in Resources */ = {isa = PBXBuildFile; fileRef = BF6A245027BB03AA002A4FC8 /* LaunchScreen.storyboard */; };
		BF6A245E27BB08B4002A4FC8 /* TabBar.swift in Sources */ = {isa = PBXBuildFile; fileRef = BF6A245D27BB08B4002A4FC8 /* TabBar.swift */; };
		BF6A246527BB0D66002A4FC8 /* Localizable.strings in Resources */ = {isa = PBXBuildFile; fileRef = BF6A246727BB0D66002A4FC8 /* Localizable.strings */; };
		BF6A246A27BB0F53002A4FC8 /* FavoriteViewController.swift in Sources */ = {isa = PBXBuildFile; fileRef = BF6A246927BB0F53002A4FC8 /* FavoriteViewController.swift */; };
		BFE39ECC27BBC1B00062BC37 /* ContactCell.swift in Sources */ = {isa = PBXBuildFile; fileRef = BFE39ECB27BBC1B00062BC37 /* ContactCell.swift */; };
		BFE39ECE27BBF57B0062BC37 /* InfoAboutContactViewController.swift in Sources */ = {isa = PBXBuildFile; fileRef = BFE39ECD27BBF57B0062BC37 /* InfoAboutContactViewController.swift */; };
		BFE39EF227BC33750062BC37 /* ContactModel.swift in Sources */ = {isa = PBXBuildFile; fileRef = BFE39EF127BC33750062BC37 /* ContactModel.swift */; };
		BFE39EF727BC66AF0062BC37 /* Disk Storage.swift in Sources */ = {isa = PBXBuildFile; fileRef = BFE39EF627BC66AF0062BC37 /* Disk Storage.swift */; };
		BFF96CCF27C178C100DBDEC0 /* Constants.swift in Sources */ = {isa = PBXBuildFile; fileRef = BFF96CCE27C178C100DBDEC0 /* Constants.swift */; };
		BFF96CD127C1802D00DBDEC0 /* FavoriteContactCell.swift in Sources */ = {isa = PBXBuildFile; fileRef = BFF96CD027C1802D00DBDEC0 /* FavoriteContactCell.swift */; };
/* End PBXBuildFile section */

/* Begin PBXFileReference section */
		BF6A244227BB03A8002A4FC8 /* ThirdProject.app */ = {isa = PBXFileReference; explicitFileType = wrapper.application; includeInIndex = 0; path = ThirdProject.app; sourceTree = BUILT_PRODUCTS_DIR; };
		BF6A244527BB03A8002A4FC8 /* AppDelegate.swift */ = {isa = PBXFileReference; lastKnownFileType = sourcecode.swift; path = AppDelegate.swift; sourceTree = "<group>"; };
		BF6A244727BB03A8002A4FC8 /* SceneDelegate.swift */ = {isa = PBXFileReference; lastKnownFileType = sourcecode.swift; path = SceneDelegate.swift; sourceTree = "<group>"; };
		BF6A244927BB03A8002A4FC8 /* ContactsViewController.swift */ = {isa = PBXFileReference; lastKnownFileType = sourcecode.swift; path = ContactsViewController.swift; sourceTree = "<group>"; };
		BF6A244E27BB03AA002A4FC8 /* Assets.xcassets */ = {isa = PBXFileReference; lastKnownFileType = folder.assetcatalog; path = Assets.xcassets; sourceTree = "<group>"; };
		BF6A245127BB03AA002A4FC8 /* Base */ = {isa = PBXFileReference; lastKnownFileType = file.storyboard; name = Base; path = Base.lproj/LaunchScreen.storyboard; sourceTree = "<group>"; };
		BF6A245327BB03AA002A4FC8 /* Info.plist */ = {isa = PBXFileReference; lastKnownFileType = text.plist.xml; path = Info.plist; sourceTree = "<group>"; };
		BF6A245D27BB08B4002A4FC8 /* TabBar.swift */ = {isa = PBXFileReference; lastKnownFileType = sourcecode.swift; path = TabBar.swift; sourceTree = "<group>"; };
		BF6A246627BB0D66002A4FC8 /* en */ = {isa = PBXFileReference; lastKnownFileType = text.plist.strings; name = en; path = en.lproj/Localizable.strings; sourceTree = "<group>"; };
		BF6A246827BB0D67002A4FC8 /* ru */ = {isa = PBXFileReference; lastKnownFileType = text.plist.strings; name = ru; path = ru.lproj/Localizable.strings; sourceTree = "<group>"; };
		BF6A246927BB0F53002A4FC8 /* FavoriteViewController.swift */ = {isa = PBXFileReference; lastKnownFileType = sourcecode.swift; path = FavoriteViewController.swift; sourceTree = "<group>"; };
		BFE39ECB27BBC1B00062BC37 /* ContactCell.swift */ = {isa = PBXFileReference; lastKnownFileType = sourcecode.swift; path = ContactCell.swift; sourceTree = "<group>"; };
		BFE39ECD27BBF57B0062BC37 /* InfoAboutContactViewController.swift */ = {isa = PBXFileReference; lastKnownFileType = sourcecode.swift; path = InfoAboutContactViewController.swift; sourceTree = "<group>"; };
		BFE39EF127BC33750062BC37 /* ContactModel.swift */ = {isa = PBXFileReference; lastKnownFileType = sourcecode.swift; path = ContactModel.swift; sourceTree = "<group>"; };
		BFE39EF627BC66AF0062BC37 /* Disk Storage.swift */ = {isa = PBXFileReference; lastKnownFileType = sourcecode.swift; path = "Disk Storage.swift"; sourceTree = "<group>"; };
		BFF96CCE27C178C100DBDEC0 /* Constants.swift */ = {isa = PBXFileReference; lastKnownFileType = sourcecode.swift; path = Constants.swift; sourceTree = "<group>"; };
		BFF96CD027C1802D00DBDEC0 /* FavoriteContactCell.swift */ = {isa = PBXFileReference; lastKnownFileType = sourcecode.swift; path = FavoriteContactCell.swift; sourceTree = "<group>"; };
/* End PBXFileReference section */

/* Begin PBXFrameworksBuildPhase section */
		BF6A243F27BB03A8002A4FC8 /* Frameworks */ = {
			isa = PBXFrameworksBuildPhase;
			buildActionMask = 2147483647;
			files = (
			);
			runOnlyForDeploymentPostprocessing = 0;
		};
/* End PBXFrameworksBuildPhase section */

/* Begin PBXGroup section */
		BF2E8BC827BD237000B1215C /* Manager */ = {
			isa = PBXGroup;
			children = (
				BFE39EF627BC66AF0062BC37 /* Disk Storage.swift */,
				BFF96CCE27C178C100DBDEC0 /* Constants.swift */,
			);
			path = Manager;
			sourceTree = "<group>";
		};
		BF2E8BC927BD23EA00B1215C /* Supporting files */ = {
			isa = PBXGroup;
			children = (
				BF6A246727BB0D66002A4FC8 /* Localizable.strings */,
				BF6A244E27BB03AA002A4FC8 /* Assets.xcassets */,
				BF6A245027BB03AA002A4FC8 /* LaunchScreen.storyboard */,
			);
			path = "Supporting files";
			sourceTree = "<group>";
		};
		BF6A243927BB03A8002A4FC8 = {
			isa = PBXGroup;
			children = (
				BF6A244427BB03A8002A4FC8 /* ThirdProject */,
				BF6A244327BB03A8002A4FC8 /* Products */,
			);
			sourceTree = "<group>";
		};
		BF6A244327BB03A8002A4FC8 /* Products */ = {
			isa = PBXGroup;
			children = (
				BF6A244227BB03A8002A4FC8 /* ThirdProject.app */,
			);
			name = Products;
			sourceTree = "<group>";
		};
		BF6A244427BB03A8002A4FC8 /* ThirdProject */ = {
			isa = PBXGroup;
			children = (
				BF6A244527BB03A8002A4FC8 /* AppDelegate.swift */,
				BF6A244727BB03A8002A4FC8 /* SceneDelegate.swift */,
				BFE39EF427BC667A0062BC37 /* Models */,
				BFE39EF527BC66870062BC37 /* Views */,
				BFE39EF327BC66460062BC37 /* View Controllers */,
				BF2E8BC827BD237000B1215C /* Manager */,
				BF2E8BC927BD23EA00B1215C /* Supporting files */,
				BF6A245327BB03AA002A4FC8 /* Info.plist */,
			);
			path = ThirdProject;
			sourceTree = "<group>";
		};
		BFE39EF327BC66460062BC37 /* View Controllers */ = {
			isa = PBXGroup;
			children = (
				BF6A246927BB0F53002A4FC8 /* FavoriteViewController.swift */,
				BFE39ECD27BBF57B0062BC37 /* InfoAboutContactViewController.swift */,
				BF6A244927BB03A8002A4FC8 /* ContactsViewController.swift */,
				BF6A245D27BB08B4002A4FC8 /* TabBar.swift */,
			);
			path = "View Controllers";
			sourceTree = "<group>";
		};
		BFE39EF427BC667A0062BC37 /* Models */ = {
			isa = PBXGroup;
			children = (
				BFE39EF127BC33750062BC37 /* ContactModel.swift */,
			);
			path = Models;
			sourceTree = "<group>";
		};
		BFE39EF527BC66870062BC37 /* Views */ = {
			isa = PBXGroup;
			children = (
				BFE39ECB27BBC1B00062BC37 /* ContactCell.swift */,
				BFF96CD027C1802D00DBDEC0 /* FavoriteContactCell.swift */,
			);
			path = Views;
			sourceTree = "<group>";
		};
/* End PBXGroup section */

/* Begin PBXNativeTarget section */
		BF6A244127BB03A8002A4FC8 /* ThirdProject */ = {
			isa = PBXNativeTarget;
			buildConfigurationList = BF6A245627BB03AA002A4FC8 /* Build configuration list for PBXNativeTarget "ThirdProject" */;
			buildPhases = (
				BF6A243E27BB03A8002A4FC8 /* Sources */,
				BF6A243F27BB03A8002A4FC8 /* Frameworks */,
				BF6A244027BB03A8002A4FC8 /* Resources */,
				BF6A245927BB04BE002A4FC8 /* ShellScript */,
			);
			buildRules = (
			);
			dependencies = (
			);
			name = ThirdProject;
			productName = ThirdProject;
			productReference = BF6A244227BB03A8002A4FC8 /* ThirdProject.app */;
			productType = "com.apple.product-type.application";
		};
/* End PBXNativeTarget section */

/* Begin PBXProject section */
		BF6A243A27BB03A8002A4FC8 /* Project object */ = {
			isa = PBXProject;
			attributes = {
				BuildIndependentTargetsInParallel = 1;
				LastSwiftUpdateCheck = 1320;
				LastUpgradeCheck = 1320;
				TargetAttributes = {
					BF6A244127BB03A8002A4FC8 = {
						CreatedOnToolsVersion = 13.2.1;
					};
				};
			};
			buildConfigurationList = BF6A243D27BB03A8002A4FC8 /* Build configuration list for PBXProject "ThirdProject" */;
			compatibilityVersion = "Xcode 13.0";
			developmentRegion = en;
			hasScannedForEncodings = 0;
			knownRegions = (
				en,
				Base,
				ru,
			);
			mainGroup = BF6A243927BB03A8002A4FC8;
			productRefGroup = BF6A244327BB03A8002A4FC8 /* Products */;
			projectDirPath = "";
			projectRoot = "";
			targets = (
				BF6A244127BB03A8002A4FC8 /* ThirdProject */,
			);
		};
/* End PBXProject section */

/* Begin PBXResourcesBuildPhase section */
		BF6A244027BB03A8002A4FC8 /* Resources */ = {
			isa = PBXResourcesBuildPhase;
			buildActionMask = 2147483647;
			files = (
				BF6A246527BB0D66002A4FC8 /* Localizable.strings in Resources */,
				BF6A245227BB03AA002A4FC8 /* LaunchScreen.storyboard in Resources */,
				BF6A244F27BB03AA002A4FC8 /* Assets.xcassets in Resources */,
			);
			runOnlyForDeploymentPostprocessing = 0;
		};
/* End PBXResourcesBuildPhase section */

/* Begin PBXShellScriptBuildPhase section */
		BF6A245927BB04BE002A4FC8 /* ShellScript */ = {
			isa = PBXShellScriptBuildPhase;
			buildActionMask = 2147483647;
			files = (
			);
			inputFileListPaths = (
			);
			inputPaths = (
			);
			outputFileListPaths = (
			);
			outputPaths = (
			);
			runOnlyForDeploymentPostprocessing = 0;
			shellPath = /bin/sh;
			shellScript = "# Type a script or drag a script file from your workspace to insert its path.\nexport PATH=\"$PATH:/opt/homebrew/bin\"\n\nif which swiftlint >/dev/null; then\n  swiftlint\nelse\n  echo \"warning: SwiftLint not installed, download from https://github.com/realm/SwiftLint\"\nfi\n\n";
		};
/* End PBXShellScriptBuildPhase section */

/* Begin PBXSourcesBuildPhase section */
		BF6A243E27BB03A8002A4FC8 /* Sources */ = {
			isa = PBXSourcesBuildPhase;
			buildActionMask = 2147483647;
			files = (
				BFE39ECE27BBF57B0062BC37 /* InfoAboutContactViewController.swift in Sources */,
				BFE39ECC27BBC1B00062BC37 /* ContactCell.swift in Sources */,
				BFE39EF227BC33750062BC37 /* ContactModel.swift in Sources */,
				BF6A244A27BB03A8002A4FC8 /* ContactsViewController.swift in Sources */,
				BF6A244627BB03A8002A4FC8 /* AppDelegate.swift in Sources */,
				BFF96CCF27C178C100DBDEC0 /* Constants.swift in Sources */,
				BF6A244827BB03A8002A4FC8 /* SceneDelegate.swift in Sources */,
				BF6A245E27BB08B4002A4FC8 /* TabBar.swift in Sources */,
				BFF96CD127C1802D00DBDEC0 /* FavoriteContactCell.swift in Sources */,
				BFE39EF727BC66AF0062BC37 /* Disk Storage.swift in Sources */,
				BF6A246A27BB0F53002A4FC8 /* FavoriteViewController.swift in Sources */,
			);
			runOnlyForDeploymentPostprocessing = 0;
		};
/* End PBXSourcesBuildPhase section */

/* Begin PBXVariantGroup section */
		BF6A245027BB03AA002A4FC8 /* LaunchScreen.storyboard */ = {
			isa = PBXVariantGroup;
			children = (
				BF6A245127BB03AA002A4FC8 /* Base */,
			);
			name = LaunchScreen.storyboard;
			sourceTree = "<group>";
		};
		BF6A246727BB0D66002A4FC8 /* Localizable.strings */ = {
			isa = PBXVariantGroup;
			children = (
				BF6A246627BB0D66002A4FC8 /* en */,
				BF6A246827BB0D67002A4FC8 /* ru */,
			);
			name = Localizable.strings;
			sourceTree = "<group>";
		};
/* End PBXVariantGroup section */

/* Begin XCBuildConfiguration section */
		BF6A245427BB03AA002A4FC8 /* Debug */ = {
			isa = XCBuildConfiguration;
			buildSettings = {
				ALWAYS_SEARCH_USER_PATHS = NO;
				CLANG_ANALYZER_LOCALIZABILITY_NONLOCALIZED = YES;
				CLANG_ANALYZER_NONNULL = YES;
				CLANG_ANALYZER_NUMBER_OBJECT_CONVERSION = YES_AGGRESSIVE;
				CLANG_CXX_LANGUAGE_STANDARD = "gnu++17";
				CLANG_CXX_LIBRARY = "libc++";
				CLANG_ENABLE_MODULES = YES;
				CLANG_ENABLE_OBJC_ARC = YES;
				CLANG_ENABLE_OBJC_WEAK = YES;
				CLANG_WARN_BLOCK_CAPTURE_AUTORELEASING = YES;
				CLANG_WARN_BOOL_CONVERSION = YES;
				CLANG_WARN_COMMA = YES;
				CLANG_WARN_CONSTANT_CONVERSION = YES;
				CLANG_WARN_DEPRECATED_OBJC_IMPLEMENTATIONS = YES;
				CLANG_WARN_DIRECT_OBJC_ISA_USAGE = YES_ERROR;
				CLANG_WARN_DOCUMENTATION_COMMENTS = YES;
				CLANG_WARN_EMPTY_BODY = YES;
				CLANG_WARN_ENUM_CONVERSION = YES;
				CLANG_WARN_INFINITE_RECURSION = YES;
				CLANG_WARN_INT_CONVERSION = YES;
				CLANG_WARN_NON_LITERAL_NULL_CONVERSION = YES;
				CLANG_WARN_OBJC_IMPLICIT_RETAIN_SELF = YES;
				CLANG_WARN_OBJC_LITERAL_CONVERSION = YES;
				CLANG_WARN_OBJC_ROOT_CLASS = YES_ERROR;
				CLANG_WARN_QUOTED_INCLUDE_IN_FRAMEWORK_HEADER = YES;
				CLANG_WARN_RANGE_LOOP_ANALYSIS = YES;
				CLANG_WARN_STRICT_PROTOTYPES = YES;
				CLANG_WARN_SUSPICIOUS_MOVE = YES;
				CLANG_WARN_UNGUARDED_AVAILABILITY = YES_AGGRESSIVE;
				CLANG_WARN_UNREACHABLE_CODE = YES;
				CLANG_WARN__DUPLICATE_METHOD_MATCH = YES;
				COPY_PHASE_STRIP = NO;
				DEBUG_INFORMATION_FORMAT = dwarf;
				ENABLE_STRICT_OBJC_MSGSEND = YES;
				ENABLE_TESTABILITY = YES;
				GCC_C_LANGUAGE_STANDARD = gnu11;
				GCC_DYNAMIC_NO_PIC = NO;
				GCC_NO_COMMON_BLOCKS = YES;
				GCC_OPTIMIZATION_LEVEL = 0;
				GCC_PREPROCESSOR_DEFINITIONS = (
					"DEBUG=1",
					"$(inherited)",
				);
				GCC_WARN_64_TO_32_BIT_CONVERSION = YES;
				GCC_WARN_ABOUT_RETURN_TYPE = YES_ERROR;
				GCC_WARN_UNDECLARED_SELECTOR = YES;
				GCC_WARN_UNINITIALIZED_AUTOS = YES_AGGRESSIVE;
				GCC_WARN_UNUSED_FUNCTION = YES;
				GCC_WARN_UNUSED_VARIABLE = YES;
				IPHONEOS_DEPLOYMENT_TARGET = 15.2;
				MTL_ENABLE_DEBUG_INFO = INCLUDE_SOURCE;
				MTL_FAST_MATH = YES;
				ONLY_ACTIVE_ARCH = YES;
				SDKROOT = iphoneos;
				SWIFT_ACTIVE_COMPILATION_CONDITIONS = DEBUG;
				SWIFT_OPTIMIZATION_LEVEL = "-Onone";
			};
			name = Debug;
		};
		BF6A245527BB03AA002A4FC8 /* Release */ = {
			isa = XCBuildConfiguration;
			buildSettings = {
				ALWAYS_SEARCH_USER_PATHS = NO;
				CLANG_ANALYZER_LOCALIZABILITY_NONLOCALIZED = YES;
				CLANG_ANALYZER_NONNULL = YES;
				CLANG_ANALYZER_NUMBER_OBJECT_CONVERSION = YES_AGGRESSIVE;
				CLANG_CXX_LANGUAGE_STANDARD = "gnu++17";
				CLANG_CXX_LIBRARY = "libc++";
				CLANG_ENABLE_MODULES = YES;
				CLANG_ENABLE_OBJC_ARC = YES;
				CLANG_ENABLE_OBJC_WEAK = YES;
				CLANG_WARN_BLOCK_CAPTURE_AUTORELEASING = YES;
				CLANG_WARN_BOOL_CONVERSION = YES;
				CLANG_WARN_COMMA = YES;
				CLANG_WARN_CONSTANT_CONVERSION = YES;
				CLANG_WARN_DEPRECATED_OBJC_IMPLEMENTATIONS = YES;
				CLANG_WARN_DIRECT_OBJC_ISA_USAGE = YES_ERROR;
				CLANG_WARN_DOCUMENTATION_COMMENTS = YES;
				CLANG_WARN_EMPTY_BODY = YES;
				CLANG_WARN_ENUM_CONVERSION = YES;
				CLANG_WARN_INFINITE_RECURSION = YES;
				CLANG_WARN_INT_CONVERSION = YES;
				CLANG_WARN_NON_LITERAL_NULL_CONVERSION = YES;
				CLANG_WARN_OBJC_IMPLICIT_RETAIN_SELF = YES;
				CLANG_WARN_OBJC_LITERAL_CONVERSION = YES;
				CLANG_WARN_OBJC_ROOT_CLASS = YES_ERROR;
				CLANG_WARN_QUOTED_INCLUDE_IN_FRAMEWORK_HEADER = YES;
				CLANG_WARN_RANGE_LOOP_ANALYSIS = YES;
				CLANG_WARN_STRICT_PROTOTYPES = YES;
				CLANG_WARN_SUSPICIOUS_MOVE = YES;
				CLANG_WARN_UNGUARDED_AVAILABILITY = YES_AGGRESSIVE;
				CLANG_WARN_UNREACHABLE_CODE = YES;
				CLANG_WARN__DUPLICATE_METHOD_MATCH = YES;
				COPY_PHASE_STRIP = NO;
				DEBUG_INFORMATION_FORMAT = "dwarf-with-dsym";
				ENABLE_NS_ASSERTIONS = NO;
				ENABLE_STRICT_OBJC_MSGSEND = YES;
				GCC_C_LANGUAGE_STANDARD = gnu11;
				GCC_NO_COMMON_BLOCKS = YES;
				GCC_WARN_64_TO_32_BIT_CONVERSION = YES;
				GCC_WARN_ABOUT_RETURN_TYPE = YES_ERROR;
				GCC_WARN_UNDECLARED_SELECTOR = YES;
				GCC_WARN_UNINITIALIZED_AUTOS = YES_AGGRESSIVE;
				GCC_WARN_UNUSED_FUNCTION = YES;
				GCC_WARN_UNUSED_VARIABLE = YES;
				IPHONEOS_DEPLOYMENT_TARGET = 15.2;
				MTL_ENABLE_DEBUG_INFO = NO;
				MTL_FAST_MATH = YES;
				SDKROOT = iphoneos;
				SWIFT_COMPILATION_MODE = wholemodule;
				SWIFT_OPTIMIZATION_LEVEL = "-O";
				VALIDATE_PRODUCT = YES;
			};
			name = Release;
		};
		BF6A245727BB03AA002A4FC8 /* Debug */ = {
			isa = XCBuildConfiguration;
			buildSettings = {
				ASSETCATALOG_COMPILER_APPICON_NAME = AppIcon;
				ASSETCATALOG_COMPILER_GLOBAL_ACCENT_COLOR_NAME = AccentColor;
				CODE_SIGN_STYLE = Automatic;
				CURRENT_PROJECT_VERSION = 1;
				DEVELOPMENT_TEAM = WN5VMWRJC6;
				GENERATE_INFOPLIST_FILE = YES;
				INFOPLIST_FILE = ThirdProject/Info.plist;
				INFOPLIST_KEY_UIApplicationSupportsIndirectInputEvents = YES;
				INFOPLIST_KEY_UILaunchStoryboardName = LaunchScreen;
				INFOPLIST_KEY_UISupportedInterfaceOrientations_iPad = "UIInterfaceOrientationPortrait UIInterfaceOrientationPortraitUpsideDown UIInterfaceOrientationLandscapeLeft UIInterfaceOrientationLandscapeRight";
				INFOPLIST_KEY_UISupportedInterfaceOrientations_iPhone = "UIInterfaceOrientationPortrait UIInterfaceOrientationLandscapeLeft UIInterfaceOrientationLandscapeRight";
				LD_RUNPATH_SEARCH_PATHS = (
					"$(inherited)",
					"@executable_path/Frameworks",
				);
				MARKETING_VERSION = 1.0;
				PRODUCT_BUNDLE_IDENTIFIER = clevertec.Marchenko.ThirdProject;
				PRODUCT_NAME = "$(TARGET_NAME)";
				SWIFT_EMIT_LOC_STRINGS = YES;
				SWIFT_VERSION = 5.0;
				TARGETED_DEVICE_FAMILY = "1,2";
			};
			name = Debug;
		};
		BF6A245827BB03AA002A4FC8 /* Release */ = {
			isa = XCBuildConfiguration;
			buildSettings = {
				ASSETCATALOG_COMPILER_APPICON_NAME = AppIcon;
				ASSETCATALOG_COMPILER_GLOBAL_ACCENT_COLOR_NAME = AccentColor;
				CODE_SIGN_STYLE = Automatic;
				CURRENT_PROJECT_VERSION = 1;
				DEVELOPMENT_TEAM = WN5VMWRJC6;
				GENERATE_INFOPLIST_FILE = YES;
				INFOPLIST_FILE = ThirdProject/Info.plist;
				INFOPLIST_KEY_UIApplicationSupportsIndirectInputEvents = YES;
				INFOPLIST_KEY_UILaunchStoryboardName = LaunchScreen;
				INFOPLIST_KEY_UISupportedInterfaceOrientations_iPad = "UIInterfaceOrientationPortrait UIInterfaceOrientationPortraitUpsideDown UIInterfaceOrientationLandscapeLeft UIInterfaceOrientationLandscapeRight";
				INFOPLIST_KEY_UISupportedInterfaceOrientations_iPhone = "UIInterfaceOrientationPortrait UIInterfaceOrientationLandscapeLeft UIInterfaceOrientationLandscapeRight";
				LD_RUNPATH_SEARCH_PATHS = (
					"$(inherited)",
					"@executable_path/Frameworks",
				);
				MARKETING_VERSION = 1.0;
				PRODUCT_BUNDLE_IDENTIFIER = clevertec.Marchenko.ThirdProject;
				PRODUCT_NAME = "$(TARGET_NAME)";
				SWIFT_EMIT_LOC_STRINGS = YES;
				SWIFT_VERSION = 5.0;
				TARGETED_DEVICE_FAMILY = "1,2";
			};
			name = Release;
		};
/* End XCBuildConfiguration section */

/* Begin XCConfigurationList section */
		BF6A243D27BB03A8002A4FC8 /* Build configuration list for PBXProject "ThirdProject" */ = {
			isa = XCConfigurationList;
			buildConfigurations = (
				BF6A245427BB03AA002A4FC8 /* Debug */,
				BF6A245527BB03AA002A4FC8 /* Release */,
			);
			defaultConfigurationIsVisible = 0;
			defaultConfigurationName = Release;
		};
		BF6A245627BB03AA002A4FC8 /* Build configuration list for PBXNativeTarget "ThirdProject" */ = {
			isa = XCConfigurationList;
			buildConfigurations = (
				BF6A245727BB03AA002A4FC8 /* Debug */,
				BF6A245827BB03AA002A4FC8 /* Release */,
			);
			defaultConfigurationIsVisible = 0;
			defaultConfigurationName = Release;
		};
/* End XCConfigurationList section */
	};
	rootObject = BF6A243A27BB03A8002A4FC8 /* Project object */;
}
